// !$*UTF8*$!
{
	archiveVersion = 1;
	classes = {
	};
	objectVersion = 46;
	objects = {

/* Begin PBXBuildFile section */
		46509E7D19AAB13700DEC145 /* Foundation.framework in Frameworks */ = {isa = PBXBuildFile; fileRef = 46509E7C19AAB13700DEC145 /* Foundation.framework */; };
		46509E7F19AAB13700DEC145 /* CoreGraphics.framework in Frameworks */ = {isa = PBXBuildFile; fileRef = 46509E7E19AAB13700DEC145 /* CoreGraphics.framework */; };
		46509E8119AAB13700DEC145 /* UIKit.framework in Frameworks */ = {isa = PBXBuildFile; fileRef = 46509E8019AAB13700DEC145 /* UIKit.framework */; };
		46509E8719AAB13700DEC145 /* InfoPlist.strings in Resources */ = {isa = PBXBuildFile; fileRef = 46509E8519AAB13700DEC145 /* InfoPlist.strings */; };
		46509E8919AAB13700DEC145 /* main.m in Sources */ = {isa = PBXBuildFile; fileRef = 46509E8819AAB13700DEC145 /* main.m */; };
		46509E8D19AAB13700DEC145 /* BNRAppDelegate.m in Sources */ = {isa = PBXBuildFile; fileRef = 46509E8C19AAB13700DEC145 /* BNRAppDelegate.m */; };
		46509E8F19AAB13700DEC145 /* Images.xcassets in Resources */ = {isa = PBXBuildFile; fileRef = 46509E8E19AAB13700DEC145 /* Images.xcassets */; };
		46509E9619AAB13700DEC145 /* XCTest.framework in Frameworks */ = {isa = PBXBuildFile; fileRef = 46509E9519AAB13700DEC145 /* XCTest.framework */; };
		46509E9719AAB13700DEC145 /* Foundation.framework in Frameworks */ = {isa = PBXBuildFile; fileRef = 46509E7C19AAB13700DEC145 /* Foundation.framework */; };
		46509E9819AAB13700DEC145 /* UIKit.framework in Frameworks */ = {isa = PBXBuildFile; fileRef = 46509E8019AAB13700DEC145 /* UIKit.framework */; };
		46509EA019AAB13700DEC145 /* InfoPlist.strings in Resources */ = {isa = PBXBuildFile; fileRef = 46509E9E19AAB13700DEC145 /* InfoPlist.strings */; };
		46509EA219AAB13700DEC145 /* HypnoNerdTests.m in Sources */ = {isa = PBXBuildFile; fileRef = 46509EA119AAB13700DEC145 /* HypnoNerdTests.m */; };
		46509EB019AAB1C300DEC145 /* BNRHypnosisView.m in Sources */ = {isa = PBXBuildFile; fileRef = 46509EAF19AAB1C300DEC145 /* BNRHypnosisView.m */; };
		46509EB319AAB1F900DEC145 /* BNRHypnosisViewController.m in Sources */ = {isa = PBXBuildFile; fileRef = 46509EB219AAB1F900DEC145 /* BNRHypnosisViewController.m */; };
		46509EB619AAB4DA00DEC145 /* BNRReminderViewController.m in Sources */ = {isa = PBXBuildFile; fileRef = 46509EB519AAB4DA00DEC145 /* BNRReminderViewController.m */; };
		46E6109819AC134F00854EE3 /* BNRReminderViewController.xib in Resources */ = {isa = PBXBuildFile; fileRef = 46E6109719AC134F00854EE3 /* BNRReminderViewController.xib */; };
		46E6109C19AC194E00854EE3 /* Hypno.png in Resources */ = {isa = PBXBuildFile; fileRef = 46E6109919AC194E00854EE3 /* Hypno.png */; };
		46E6109D19AC194E00854EE3 /* Hypno@2x.png in Resources */ = {isa = PBXBuildFile; fileRef = 46E6109A19AC194E00854EE3 /* Hypno@2x.png */; };
		46E6109E19AC194E00854EE3 /* Time@2x.png in Resources */ = {isa = PBXBuildFile; fileRef = 46E6109B19AC194E00854EE3 /* Time@2x.png */; };
		46E610A119AC267A00854EE3 /* BNRSimpleViewController.m in Sources */ = {isa = PBXBuildFile; fileRef = 46E610A019AC267A00854EE3 /* BNRSimpleViewController.m */; };
		46E610A319AC272A00854EE3 /* Main.storyboard in Resources */ = {isa = PBXBuildFile; fileRef = 46E610A219AC272A00854EE3 /* Main.storyboard */; };
		46E610A519AC27D400854EE3 /* Icon@2x.png in Resources */ = {isa = PBXBuildFile; fileRef = 46E610A419AC27D400854EE3 /* Icon@2x.png */; };
		46E610A719AC294400854EE3 /* BNRSimpleViewController.xib in Resources */ = {isa = PBXBuildFile; fileRef = 46E610A619AC294400854EE3 /* BNRSimpleViewController.xib */; };
/* End PBXBuildFile section */

/* Begin PBXContainerItemProxy section */
		46509E9919AAB13700DEC145 /* PBXContainerItemProxy */ = {
			isa = PBXContainerItemProxy;
			containerPortal = 46509E7119AAB13700DEC145 /* Project object */;
			proxyType = 1;
			remoteGlobalIDString = 46509E7819AAB13700DEC145;
			remoteInfo = HypnoNerd;
		};
/* End PBXContainerItemProxy section */

/* Begin PBXFileReference section */
		46509E7919AAB13700DEC145 /* HypnoNerd.app */ = {isa = PBXFileReference; explicitFileType = wrapper.application; includeInIndex = 0; path = HypnoNerd.app; sourceTree = BUILT_PRODUCTS_DIR; };
		46509E7C19AAB13700DEC145 /* Foundation.framework */ = {isa = PBXFileReference; lastKnownFileType = wrapper.framework; name = Foundation.framework; path = System/Library/Frameworks/Foundation.framework; sourceTree = SDKROOT; };
		46509E7E19AAB13700DEC145 /* CoreGraphics.framework */ = {isa = PBXFileReference; lastKnownFileType = wrapper.framework; name = CoreGraphics.framework; path = System/Library/Frameworks/CoreGraphics.framework; sourceTree = SDKROOT; };
		46509E8019AAB13700DEC145 /* UIKit.framework */ = {isa = PBXFileReference; lastKnownFileType = wrapper.framework; name = UIKit.framework; path = System/Library/Frameworks/UIKit.framework; sourceTree = SDKROOT; };
		46509E8419AAB13700DEC145 /* HypnoNerd-Info.plist */ = {isa = PBXFileReference; lastKnownFileType = text.plist.xml; path = "HypnoNerd-Info.plist"; sourceTree = "<group>"; };
		46509E8619AAB13700DEC145 /* en */ = {isa = PBXFileReference; lastKnownFileType = text.plist.strings; name = en; path = en.lproj/InfoPlist.strings; sourceTree = "<group>"; };
		46509E8819AAB13700DEC145 /* main.m */ = {isa = PBXFileReference; lastKnownFileType = sourcecode.c.objc; path = main.m; sourceTree = "<group>"; };
		46509E8A19AAB13700DEC145 /* HypnoNerd-Prefix.pch */ = {isa = PBXFileReference; lastKnownFileType = sourcecode.c.h; path = "HypnoNerd-Prefix.pch"; sourceTree = "<group>"; };
		46509E8B19AAB13700DEC145 /* BNRAppDelegate.h */ = {isa = PBXFileReference; lastKnownFileType = sourcecode.c.h; path = BNRAppDelegate.h; sourceTree = "<group>"; };
		46509E8C19AAB13700DEC145 /* BNRAppDelegate.m */ = {isa = PBXFileReference; lastKnownFileType = sourcecode.c.objc; path = BNRAppDelegate.m; sourceTree = "<group>"; };
		46509E8E19AAB13700DEC145 /* Images.xcassets */ = {isa = PBXFileReference; lastKnownFileType = folder.assetcatalog; path = Images.xcassets; sourceTree = "<group>"; };
		46509E9419AAB13700DEC145 /* HypnoNerdTests.xctest */ = {isa = PBXFileReference; explicitFileType = wrapper.cfbundle; includeInIndex = 0; path = HypnoNerdTests.xctest; sourceTree = BUILT_PRODUCTS_DIR; };
		46509E9519AAB13700DEC145 /* XCTest.framework */ = {isa = PBXFileReference; lastKnownFileType = wrapper.framework; name = XCTest.framework; path = Library/Frameworks/XCTest.framework; sourceTree = DEVELOPER_DIR; };
		46509E9D19AAB13700DEC145 /* HypnoNerdTests-Info.plist */ = {isa = PBXFileReference; lastKnownFileType = text.plist.xml; path = "HypnoNerdTests-Info.plist"; sourceTree = "<group>"; };
		46509E9F19AAB13700DEC145 /* en */ = {isa = PBXFileReference; lastKnownFileType = text.plist.strings; name = en; path = en.lproj/InfoPlist.strings; sourceTree = "<group>"; };
		46509EA119AAB13700DEC145 /* HypnoNerdTests.m */ = {isa = PBXFileReference; lastKnownFileType = sourcecode.c.objc; path = HypnoNerdTests.m; sourceTree = "<group>"; };
		46509EAE19AAB1C300DEC145 /* BNRHypnosisView.h */ = {isa = PBXFileReference; fileEncoding = 4; lastKnownFileType = sourcecode.c.h; path = BNRHypnosisView.h; sourceTree = "<group>"; };
		46509EAF19AAB1C300DEC145 /* BNRHypnosisView.m */ = {isa = PBXFileReference; fileEncoding = 4; lastKnownFileType = sourcecode.c.objc; path = BNRHypnosisView.m; sourceTree = "<group>"; };
		46509EB119AAB1F900DEC145 /* BNRHypnosisViewController.h */ = {isa = PBXFileReference; fileEncoding = 4; lastKnownFileType = sourcecode.c.h; name = BNRHypnosisViewController.h; path = ../BNRHypnosisViewController.h; sourceTree = "<group>"; };
		46509EB219AAB1F900DEC145 /* BNRHypnosisViewController.m */ = {isa = PBXFileReference; fileEncoding = 4; lastKnownFileType = sourcecode.c.objc; name = BNRHypnosisViewController.m; path = ../BNRHypnosisViewController.m; sourceTree = "<group>"; };
		46509EB419AAB4DA00DEC145 /* BNRReminderViewController.h */ = {isa = PBXFileReference; fileEncoding = 4; lastKnownFileType = sourcecode.c.h; path = BNRReminderViewController.h; sourceTree = "<group>"; };
		46509EB519AAB4DA00DEC145 /* BNRReminderViewController.m */ = {isa = PBXFileReference; fileEncoding = 4; lastKnownFileType = sourcecode.c.objc; path = BNRReminderViewController.m; sourceTree = "<group>"; };
		46E6109719AC134F00854EE3 /* BNRReminderViewController.xib */ = {isa = PBXFileReference; fileEncoding = 4; lastKnownFileType = file.xib; path = BNRReminderViewController.xib; sourceTree = "<group>"; };
		46E6109919AC194E00854EE3 /* Hypno.png */ = {isa = PBXFileReference; lastKnownFileType = image.png; path = Hypno.png; sourceTree = "<group>"; };
		46E6109A19AC194E00854EE3 /* Hypno@2x.png */ = {isa = PBXFileReference; lastKnownFileType = image.png; path = "Hypno@2x.png"; sourceTree = "<group>"; };
		46E6109B19AC194E00854EE3 /* Time@2x.png */ = {isa = PBXFileReference; lastKnownFileType = image.png; path = "Time@2x.png"; sourceTree = "<group>"; };
		46E6109F19AC267A00854EE3 /* BNRSimpleViewController.h */ = {isa = PBXFileReference; fileEncoding = 4; lastKnownFileType = sourcecode.c.h; path = BNRSimpleViewController.h; sourceTree = "<group>"; };
		46E610A019AC267A00854EE3 /* BNRSimpleViewController.m */ = {isa = PBXFileReference; fileEncoding = 4; lastKnownFileType = sourcecode.c.objc; path = BNRSimpleViewController.m; sourceTree = "<group>"; };
		46E610A219AC272A00854EE3 /* Main.storyboard */ = {isa = PBXFileReference; fileEncoding = 4; lastKnownFileType = file.storyboard; path = Main.storyboard; sourceTree = "<group>"; };
		46E610A419AC27D400854EE3 /* Icon@2x.png */ = {isa = PBXFileReference; lastKnownFileType = image.png; path = "Icon@2x.png"; sourceTree = "<group>"; };
		46E610A619AC294400854EE3 /* BNRSimpleViewController.xib */ = {isa = PBXFileReference; fileEncoding = 4; lastKnownFileType = file.xib; path = BNRSimpleViewController.xib; sourceTree = "<group>"; };
/* End PBXFileReference section */

/* Begin PBXFrameworksBuildPhase section */
		46509E7619AAB13700DEC145 /* Frameworks */ = {
			isa = PBXFrameworksBuildPhase;
			buildActionMask = 2147483647;
			files = (
				46509E7F19AAB13700DEC145 /* CoreGraphics.framework in Frameworks */,
				46509E8119AAB13700DEC145 /* UIKit.framework in Frameworks */,
				46509E7D19AAB13700DEC145 /* Foundation.framework in Frameworks */,
			);
			runOnlyForDeploymentPostprocessing = 0;
		};
		46509E9119AAB13700DEC145 /* Frameworks */ = {
			isa = PBXFrameworksBuildPhase;
			buildActionMask = 2147483647;
			files = (
				46509E9619AAB13700DEC145 /* XCTest.framework in Frameworks */,
				46509E9819AAB13700DEC145 /* UIKit.framework in Frameworks */,
				46509E9719AAB13700DEC145 /* Foundation.framework in Frameworks */,
			);
			runOnlyForDeploymentPostprocessing = 0;
		};
/* End PBXFrameworksBuildPhase section */

/* Begin PBXGroup section */
		46509E7019AAB13700DEC145 = {
			isa = PBXGroup;
			children = (
				46E610A619AC294400854EE3 /* BNRSimpleViewController.xib */,
				46E6109719AC134F00854EE3 /* BNRReminderViewController.xib */,
				46E6109919AC194E00854EE3 /* Hypno.png */,
				46E6109A19AC194E00854EE3 /* Hypno@2x.png */,
				46E610A419AC27D400854EE3 /* Icon@2x.png */,
				46E610A219AC272A00854EE3 /* Main.storyboard */,
				46E6109F19AC267A00854EE3 /* BNRSimpleViewController.h */,
				46E610A019AC267A00854EE3 /* BNRSimpleViewController.m */,
				46E6109B19AC194E00854EE3 /* Time@2x.png */,
				46509E8219AAB13700DEC145 /* HypnoNerd */,
				46509E9B19AAB13700DEC145 /* HypnoNerdTests */,
				46509E7B19AAB13700DEC145 /* Frameworks */,
				46509E7A19AAB13700DEC145 /* Products */,
			);
			sourceTree = "<group>";
		};
		46509E7A19AAB13700DEC145 /* Products */ = {
			isa = PBXGroup;
			children = (
				46509E7919AAB13700DEC145 /* HypnoNerd.app */,
				46509E9419AAB13700DEC145 /* HypnoNerdTests.xctest */,
			);
			name = Products;
			sourceTree = "<group>";
		};
		46509E7B19AAB13700DEC145 /* Frameworks */ = {
			isa = PBXGroup;
			children = (
				46509E7C19AAB13700DEC145 /* Foundation.framework */,
				46509E7E19AAB13700DEC145 /* CoreGraphics.framework */,
				46509E8019AAB13700DEC145 /* UIKit.framework */,
				46509E9519AAB13700DEC145 /* XCTest.framework */,
			);
			name = Frameworks;
			sourceTree = "<group>";
		};
		46509E8219AAB13700DEC145 /* HypnoNerd */ = {
			isa = PBXGroup;
			children = (
				46509E8B19AAB13700DEC145 /* BNRAppDelegate.h */,
				46509E8C19AAB13700DEC145 /* BNRAppDelegate.m */,
				46509EB419AAB4DA00DEC145 /* BNRReminderViewController.h */,
				46509EB519AAB4DA00DEC145 /* BNRReminderViewController.m */,
				46509EB119AAB1F900DEC145 /* BNRHypnosisViewController.h */,
				46509EB219AAB1F900DEC145 /* BNRHypnosisViewController.m */,
				46509EAE19AAB1C300DEC145 /* BNRHypnosisView.h */,
				46509EAF19AAB1C300DEC145 /* BNRHypnosisView.m */,
				46509E8E19AAB13700DEC145 /* Images.xcassets */,
				46509E8319AAB13700DEC145 /* Supporting Files */,
			);
			path = HypnoNerd;
			sourceTree = "<group>";
		};
		46509E8319AAB13700DEC145 /* Supporting Files */ = {
			isa = PBXGroup;
			children = (
				46509E8419AAB13700DEC145 /* HypnoNerd-Info.plist */,
				46509E8519AAB13700DEC145 /* InfoPlist.strings */,
				46509E8819AAB13700DEC145 /* main.m */,
				46509E8A19AAB13700DEC145 /* HypnoNerd-Prefix.pch */,
			);
			name = "Supporting Files";
			sourceTree = "<group>";
		};
		46509E9B19AAB13700DEC145 /* HypnoNerdTests */ = {
			isa = PBXGroup;
			children = (
				46509EA119AAB13700DEC145 /* HypnoNerdTests.m */,
				46509E9C19AAB13700DEC145 /* Supporting Files */,
			);
			path = HypnoNerdTests;
			sourceTree = "<group>";
		};
		46509E9C19AAB13700DEC145 /* Supporting Files */ = {
			isa = PBXGroup;
			children = (
				46509E9D19AAB13700DEC145 /* HypnoNerdTests-Info.plist */,
				46509E9E19AAB13700DEC145 /* InfoPlist.strings */,
			);
			name = "Supporting Files";
			sourceTree = "<group>";
		};
/* End PBXGroup section */

/* Begin PBXNativeTarget section */
		46509E7819AAB13700DEC145 /* HypnoNerd */ = {
			isa = PBXNativeTarget;
			buildConfigurationList = 46509EA519AAB13700DEC145 /* Build configuration list for PBXNativeTarget "HypnoNerd" */;
			buildPhases = (
				46509E7519AAB13700DEC145 /* Sources */,
				46509E7619AAB13700DEC145 /* Frameworks */,
				46509E7719AAB13700DEC145 /* Resources */,
			);
			buildRules = (
			);
			dependencies = (
			);
			name = HypnoNerd;
			productName = HypnoNerd;
			productReference = 46509E7919AAB13700DEC145 /* HypnoNerd.app */;
			productType = "com.apple.product-type.application";
		};
		46509E9319AAB13700DEC145 /* HypnoNerdTests */ = {
			isa = PBXNativeTarget;
			buildConfigurationList = 46509EA819AAB13700DEC145 /* Build configuration list for PBXNativeTarget "HypnoNerdTests" */;
			buildPhases = (
				46509E9019AAB13700DEC145 /* Sources */,
				46509E9119AAB13700DEC145 /* Frameworks */,
				46509E9219AAB13700DEC145 /* Resources */,
			);
			buildRules = (
			);
			dependencies = (
				46509E9A19AAB13700DEC145 /* PBXTargetDependency */,
			);
			name = HypnoNerdTests;
			productName = HypnoNerdTests;
			productReference = 46509E9419AAB13700DEC145 /* HypnoNerdTests.xctest */;
			productType = "com.apple.product-type.bundle.unit-test";
		};
/* End PBXNativeTarget section */

/* Begin PBXProject section */
		46509E7119AAB13700DEC145 /* Project object */ = {
			isa = PBXProject;
			attributes = {
				CLASSPREFIX = BNR;
				LastUpgradeCheck = 0510;
				ORGANIZATIONNAME = "Anthony Fennell";
				TargetAttributes = {
					46509E9319AAB13700DEC145 = {
						TestTargetID = 46509E7819AAB13700DEC145;
					};
				};
			};
			buildConfigurationList = 46509E7419AAB13700DEC145 /* Build configuration list for PBXProject "HypnoNerd" */;
			compatibilityVersion = "Xcode 3.2";
			developmentRegion = English;
			hasScannedForEncodings = 0;
			knownRegions = (
				en,
			);
			mainGroup = 46509E7019AAB13700DEC145;
			productRefGroup = 46509E7A19AAB13700DEC145 /* Products */;
			projectDirPath = "";
			projectRoot = "";
			targets = (
				46509E7819AAB13700DEC145 /* HypnoNerd */,
				46509E9319AAB13700DEC145 /* HypnoNerdTests */,
			);
		};
/* End PBXProject section */

/* Begin PBXResourcesBuildPhase section */
		46509E7719AAB13700DEC145 /* Resources */ = {
			isa = PBXResourcesBuildPhase;
			buildActionMask = 2147483647;
			files = (
				46E610A319AC272A00854EE3 /* Main.storyboard in Resources */,
				46E610A519AC27D400854EE3 /* Icon@2x.png in Resources */,
				46E6109819AC134F00854EE3 /* BNRReminderViewController.xib in Resources */,
				46E6109E19AC194E00854EE3 /* Time@2x.png in Resources */,
				46509E8719AAB13700DEC145 /* InfoPlist.strings in Resources */,
				46E610A719AC294400854EE3 /* BNRSimpleViewController.xib in Resources */,
				46E6109C19AC194E00854EE3 /* Hypno.png in Resources */,
				46E6109D19AC194E00854EE3 /* Hypno@2x.png in Resources */,
				46509E8F19AAB13700DEC145 /* Images.xcassets in Resources */,
			);
			runOnlyForDeploymentPostprocessing = 0;
		};
		46509E9219AAB13700DEC145 /* Resources */ = {
			isa = PBXResourcesBuildPhase;
			buildActionMask = 2147483647;
			files = (
				46509EA019AAB13700DEC145 /* InfoPlist.strings in Resources */,
			);
			runOnlyForDeploymentPostprocessing = 0;
		};
/* End PBXResourcesBuildPhase section */

/* Begin PBXSourcesBuildPhase section */
		46509E7519AAB13700DEC145 /* Sources */ = {
			isa = PBXSourcesBuildPhase;
			buildActionMask = 2147483647;
			files = (
				46509EB319AAB1F900DEC145 /* BNRHypnosisViewController.m in Sources */,
				46509E8919AAB13700DEC145 /* main.m in Sources */,
				46509E8D19AAB13700DEC145 /* BNRAppDelegate.m in Sources */,
				46509EB619AAB4DA00DEC145 /* BNRReminderViewController.m in Sources */,
				46509EB019AAB1C300DEC145 /* BNRHypnosisView.m in Sources */,
				46E610A119AC267A00854EE3 /* BNRSimpleViewController.m in Sources */,
			);
			runOnlyForDeploymentPostprocessing = 0;
		};
		46509E9019AAB13700DEC145 /* Sources */ = {
			isa = PBXSourcesBuildPhase;
			buildActionMask = 2147483647;
			files = (
				46509EA219AAB13700DEC145 /* HypnoNerdTests.m in Sources */,
			);
			runOnlyForDeploymentPostprocessing = 0;
		};
/* End PBXSourcesBuildPhase section */

/* Begin PBXTargetDependency section */
		46509E9A19AAB13700DEC145 /* PBXTargetDependency */ = {
			isa = PBXTargetDependency;
			target = 46509E7819AAB13700DEC145 /* HypnoNerd */;
			targetProxy = 46509E9919AAB13700DEC145 /* PBXContainerItemProxy */;
		};
/* End PBXTargetDependency section */

/* Begin PBXVariantGroup section */
		46509E8519AAB13700DEC145 /* InfoPlist.strings */ = {
			isa = PBXVariantGroup;
			children = (
				46509E8619AAB13700DEC145 /* en */,
			);
			name = InfoPlist.strings;
			sourceTree = "<group>";
		};
		46509E9E19AAB13700DEC145 /* InfoPlist.strings */ = {
			isa = PBXVariantGroup;
			children = (
				46509E9F19AAB13700DEC145 /* en */,
			);
			name = InfoPlist.strings;
			sourceTree = "<group>";
		};
/* End PBXVariantGroup section */

/* Begin XCBuildConfiguration section */
		46509EA319AAB13700DEC145 /* Debug */ = {
			isa = XCBuildConfiguration;
			buildSettings = {
				ALWAYS_SEARCH_USER_PATHS = NO;
				CLANG_CXX_LANGUAGE_STANDARD = "gnu++0x";
				CLANG_CXX_LIBRARY = "libc++";
				CLANG_ENABLE_MODULES = YES;
				CLANG_ENABLE_OBJC_ARC = YES;
				CLANG_WARN_BOOL_CONVERSION = YES;
				CLANG_WARN_CONSTANT_CONVERSION = YES;
				CLANG_WARN_DIRECT_OBJC_ISA_USAGE = YES_ERROR;
				CLANG_WARN_EMPTY_BODY = YES;
				CLANG_WARN_ENUM_CONVERSION = YES;
				CLANG_WARN_INT_CONVERSION = YES;
				CLANG_WARN_OBJC_ROOT_CLASS = YES_ERROR;
				CLANG_WARN__DUPLICATE_METHOD_MATCH = YES;
				"CODE_SIGN_IDENTITY[sdk=iphoneos*]" = "iPhone Developer";
				COPY_PHASE_STRIP = NO;
				GCC_C_LANGUAGE_STANDARD = gnu99;
				GCC_DYNAMIC_NO_PIC = NO;
				GCC_OPTIMIZATION_LEVEL = 0;
				GCC_PREPROCESSOR_DEFINITIONS = (
					"DEBUG=1",
					"$(inherited)",
				);
				GCC_SYMBOLS_PRIVATE_EXTERN = NO;
				GCC_WARN_64_TO_32_BIT_CONVERSION = YES;
				GCC_WARN_ABOUT_RETURN_TYPE = YES_ERROR;
				GCC_WARN_UNDECLARED_SELECTOR = YES;
				GCC_WARN_UNINITIALIZED_AUTOS = YES_AGGRESSIVE;
				GCC_WARN_UNUSED_FUNCTION = YES;
				GCC_WARN_UNUSED_VARIABLE = YES;
				IPHONEOS_DEPLOYMENT_TARGET = 7.1;
				ONLY_ACTIVE_ARCH = YES;
				SDKROOT = iphoneos;
			};
			name = Debug;
		};
		46509EA419AAB13700DEC145 /* Release */ = {
			isa = XCBuildConfiguration;
			buildSettings = {
				ALWAYS_SEARCH_USER_PATHS = NO;
				CLANG_CXX_LANGUAGE_STANDARD = "gnu++0x";
				CLANG_CXX_LIBRARY = "libc++";
				CLANG_ENABLE_MODULES = YES;
				CLANG_ENABLE_OBJC_ARC = YES;
				CLANG_WARN_BOOL_CONVERSION = YES;
				CLANG_WARN_CONSTANT_CONVERSION = YES;
				CLANG_WARN_DIRECT_OBJC_ISA_USAGE = YES_ERROR;
				CLANG_WARN_EMPTY_BODY = YES;
				CLANG_WARN_ENUM_CONVERSION = YES;
				CLANG_WARN_INT_CONVERSION = YES;
				CLANG_WARN_OBJC_ROOT_CLASS = YES_ERROR;
				CLANG_WARN__DUPLICATE_METHOD_MATCH = YES;
				"CODE_SIGN_IDENTITY[sdk=iphoneos*]" = "iPhone Developer";
				COPY_PHASE_STRIP = YES;
				ENABLE_NS_ASSERTIONS = NO;
				GCC_C_LANGUAGE_STANDARD = gnu99;
				GCC_WARN_64_TO_32_BIT_CONVERSION = YES;
				GCC_WARN_ABOUT_RETURN_TYPE = YES_ERROR;
				GCC_WARN_UNDECLARED_SELECTOR = YES;
				GCC_WARN_UNINITIALIZED_AUTOS = YES_AGGRESSIVE;
				GCC_WARN_UNUSED_FUNCTION = YES;
				GCC_WARN_UNUSED_VARIABLE = YES;
				IPHONEOS_DEPLOYMENT_TARGET = 7.1;
				SDKROOT = iphoneos;
				VALIDATE_PRODUCT = YES;
			};
			name = Release;
		};
		46509EA619AAB13700DEC145 /* Debug */ = {
			isa = XCBuildConfiguration;
			buildSettings = {
				ASSETCATALOG_COMPILER_APPICON_NAME = AppIcon;
				ASSETCATALOG_COMPILER_LAUNCHIMAGE_NAME = LaunchImage;
				GCC_PRECOMPILE_PREFIX_HEADER = YES;
				GCC_PREFIX_HEADER = "HypnoNerd/HypnoNerd-Prefix.pch";
				INFOPLIST_FILE = "HypnoNerd/HypnoNerd-Info.plist";
				PRODUCT_NAME = "$(TARGET_NAME)";
				WRAPPER_EXTENSION = app;
			};
			name = Debug;
		};
		46509EA719AAB13700DEC145 /* Release */ = {
			isa = XCBuildConfiguration;
			buildSettings = {
				ASSETCATALOG_COMPILER_APPICON_NAME = AppIcon;
				ASSETCATALOG_COMPILER_LAUNCHIMAGE_NAME = LaunchImage;
				GCC_PRECOMPILE_PREFIX_HEADER = YES;
				GCC_PREFIX_HEADER = "HypnoNerd/HypnoNerd-Prefix.pch";
				INFOPLIST_FILE = "HypnoNerd/HypnoNerd-Info.plist";
				PRODUCT_NAME = "$(TARGET_NAME)";
				WRAPPER_EXTENSION = app;
			};
			name = Release;
		};
		46509EA919AAB13700DEC145 /* Debug */ = {
			isa = XCBuildConfiguration;
			buildSettings = {
				BUNDLE_LOADER = "$(BUILT_PRODUCTS_DIR)/HypnoNerd.app/HypnoNerd";
				FRAMEWORK_SEARCH_PATHS = (
					"$(SDKROOT)/Developer/Library/Frameworks",
					"$(inherited)",
					"$(DEVELOPER_FRAMEWORKS_DIR)",
				);
				GCC_PRECOMPILE_PREFIX_HEADER = YES;
				GCC_PREFIX_HEADER = "HypnoNerd/HypnoNerd-Prefix.pch";
				GCC_PREPROCESSOR_DEFINITIONS = (
					"DEBUG=1",
					"$(inherited)",
				);
				INFOPLIST_FILE = "HypnoNerdTests/HypnoNerdTests-Info.plist";
				PRODUCT_NAME = "$(TARGET_NAME)";
				TEST_HOST = "$(BUNDLE_LOADER)";
				WRAPPER_EXTENSION = xctest;
			};
			name = Debug;
		};
		46509EAA19AAB13700DEC145 /* Release */ = {
			isa = XCBuildConfiguration;
			buildSettings = {
				BUNDLE_LOADER = "$(BUILT_PRODUCTS_DIR)/HypnoNerd.app/HypnoNerd";
				FRAMEWORK_SEARCH_PATHS = (
					"$(SDKROOT)/Developer/Library/Frameworks",
					"$(inherited)",
					"$(DEVELOPER_FRAMEWORKS_DIR)",
				);
				GCC_PRECOMPILE_PREFIX_HEADER = YES;
				GCC_PREFIX_HEADER = "HypnoNerd/HypnoNerd-Prefix.pch";
				INFOPLIST_FILE = "HypnoNerdTests/HypnoNerdTests-Info.plist";
				PRODUCT_NAME = "$(TARGET_NAME)";
				TEST_HOST = "$(BUNDLE_LOADER)";
				WRAPPER_EXTENSION = xctest;
			};
			name = Release;
		};
/* End XCBuildConfiguration section */

/* Begin XCConfigurationList section */
		46509E7419AAB13700DEC145 /* Build configuration list for PBXProject "HypnoNerd" */ = {
			isa = XCConfigurationList;
			buildConfigurations = (
				46509EA319AAB13700DEC145 /* Debug */,
				46509EA419AAB13700DEC145 /* Release */,
			);
			defaultConfigurationIsVisible = 0;
			defaultConfigurationName = Release;
		};
		46509EA519AAB13700DEC145 /* Build configuration list for PBXNativeTarget "HypnoNerd" */ = {
			isa = XCConfigurationList;
			buildConfigurations = (
				46509EA619AAB13700DEC145 /* Debug */,
				46509EA719AAB13700DEC145 /* Release */,
			);
			defaultConfigurationIsVisible = 0;
			defaultConfigurationName = Release;
		};
		46509EA819AAB13700DEC145 /* Build configuration list for PBXNativeTarget "HypnoNerdTests" */ = {
			isa = XCConfigurationList;
			buildConfigurations = (
				46509EA919AAB13700DEC145 /* Debug */,
				46509EAA19AAB13700DEC145 /* Release */,
			);
			defaultConfigurationIsVisible = 0;
			defaultConfigurationName = Release;
		};
/* End XCConfigurationList section */
	};
	rootObject = 46509E7119AAB13700DEC145 /* Project object */;
}
